
Microsoft Visual Studio Solution File, Format Version 12.00
# Visual Studio Version 17
VisualStudioVersion = 17.8.34330.188
MinimumVisualStudioVersion = 10.0.40219.1
Project("{FAE04EC0-301F-11D3-BF4B-00C04F79EFBC}") = "Demo01Bibliotheque", "Demo01Bibliotheque\Demo01Bibliotheque.csproj", "{77C97BDD-2C0D-48DE-901C-45479E430FDA}"
EndProject
Project("{FAE04EC0-301F-11D3-BF4B-00C04F79EFBC}") = "Demo01.Tests", "Demo01.Tests\Demo01.Tests.csproj", "{B3EEBCEB-0229-42C3-AB46-40453029227A}"
EndProject
Project("{FAE04EC0-301F-11D3-BF4B-00C04F79EFBC}") = "Exercice1-Nunit", "Exercice1-Nunit\Exercice1-Nunit.csproj", "{B0B3B6FE-D2A8-4437-8D09-AA4D728E8EFC}"
EndProject
Project("{FAE04EC0-301F-11D3-BF4B-00C04F79EFBC}") = "Exercice1.Bibliotheque", "Exercice1.Bibliotheque\Exercice1.Bibliotheque.csproj", "{20E9AFC0-F6B5-49EC-80EE-A72505990AE7}"
EndProject
Project("{2150E333-8FDC-42A3-9474-1A3956D46DE8}") = "Exercice01Nunit", "Exercice01Nunit", "{9922B97B-8BBE-4663-A850-44A37009D6DD}"
EndProject
Project("{2150E333-8FDC-42A3-9474-1A3956D46DE8}") = "DemoTDD", "DemoTDD", "{B7F74536-4333-41E2-8E99-2A50A80F233D}"
EndProject
Project("{2150E333-8FDC-42A3-9474-1A3956D46DE8}") = "Exercice.02.Xunit", "Exercice.02.Xunit", "{82C8775F-1468-486B-948C-3FC7406FB6B4}"
EndProject
Project("{FAE04EC0-301F-11D3-BF4B-00C04F79EFBC}") = "Bibliotheque.EX2", "Bibliotheque.EX2\Bibliotheque.EX2.csproj", "{282BD0D6-5207-4A96-94A8-772FD0AC5B0E}"
EndProject
Project("{FAE04EC0-301F-11D3-BF4B-00C04F79EFBC}") = "EX2.Test-Xunit", "EX2.Test-Xunit\EX2.Test-Xunit.csproj", "{E4399B2E-4D72-438B-A662-112DB5213564}"
EndProject
Global
	GlobalSection(SolutionConfigurationPlatforms) = preSolution
		Debug|Any CPU = Debug|Any CPU
		Release|Any CPU = Release|Any CPU
	EndGlobalSection
	GlobalSection(ProjectConfigurationPlatforms) = postSolution
		{77C97BDD-2C0D-48DE-901C-45479E430FDA}.Debug|Any CPU.ActiveCfg = Debug|Any CPU
		{77C97BDD-2C0D-48DE-901C-45479E430FDA}.Debug|Any CPU.Build.0 = Debug|Any CPU
		{77C97BDD-2C0D-48DE-901C-45479E430FDA}.Release|Any CPU.ActiveCfg = Release|Any CPU
		{77C97BDD-2C0D-48DE-901C-45479E430FDA}.Release|Any CPU.Build.0 = Release|Any CPU
		{B3EEBCEB-0229-42C3-AB46-40453029227A}.Debug|Any CPU.ActiveCfg = Debug|Any CPU
		{B3EEBCEB-0229-42C3-AB46-40453029227A}.Debug|Any CPU.Build.0 = Debug|Any CPU
		{B3EEBCEB-0229-42C3-AB46-40453029227A}.Release|Any CPU.ActiveCfg = Release|Any CPU
		{B3EEBCEB-0229-42C3-AB46-40453029227A}.Release|Any CPU.Build.0 = Release|Any CPU
		{B0B3B6FE-D2A8-4437-8D09-AA4D728E8EFC}.Debug|Any CPU.ActiveCfg = Debug|Any CPU
		{B0B3B6FE-D2A8-4437-8D09-AA4D728E8EFC}.Debug|Any CPU.Build.0 = Debug|Any CPU
		{B0B3B6FE-D2A8-4437-8D09-AA4D728E8EFC}.Release|Any CPU.ActiveCfg = Release|Any CPU
		{B0B3B6FE-D2A8-4437-8D09-AA4D728E8EFC}.Release|Any CPU.Build.0 = Release|Any CPU
		{20E9AFC0-F6B5-49EC-80EE-A72505990AE7}.Debug|Any CPU.ActiveCfg = Debug|Any CPU
		{20E9AFC0-F6B5-49EC-80EE-A72505990AE7}.Debug|Any CPU.Build.0 = Debug|Any CPU
		{20E9AFC0-F6B5-49EC-80EE-A72505990AE7}.Release|Any CPU.ActiveCfg = Release|Any CPU
		{20E9AFC0-F6B5-49EC-80EE-A72505990AE7}.Release|Any CPU.Build.0 = Release|Any CPU
		{282BD0D6-5207-4A96-94A8-772FD0AC5B0E}.Debug|Any CPU.ActiveCfg = Debug|Any CPU
		{282BD0D6-5207-4A96-94A8-772FD0AC5B0E}.Debug|Any CPU.Build.0 = Debug|Any CPU
		{282BD0D6-5207-4A96-94A8-772FD0AC5B0E}.Release|Any CPU.ActiveCfg = Release|Any CPU
		{282BD0D6-5207-4A96-94A8-772FD0AC5B0E}.Release|Any CPU.Build.0 = Release|Any CPU
		{E4399B2E-4D72-438B-A662-112DB5213564}.Debug|Any CPU.ActiveCfg = Debug|Any CPU
		{E4399B2E-4D72-438B-A662-112DB5213564}.Debug|Any CPU.Build.0 = Debug|Any CPU
		{E4399B2E-4D72-438B-A662-112DB5213564}.Release|Any CPU.ActiveCfg = Release|Any CPU
		{E4399B2E-4D72-438B-A662-112DB5213564}.Release|Any CPU.Build.0 = Release|Any CPU
	EndGlobalSection
	GlobalSection(SolutionProperties) = preSolution
		HideSolutionNode = FALSE
	EndGlobalSection
	GlobalSection(NestedProjects) = preSolution
		{77C97BDD-2C0D-48DE-901C-45479E430FDA} = {B7F74536-4333-41E2-8E99-2A50A80F233D}
		{B3EEBCEB-0229-42C3-AB46-40453029227A} = {B7F74536-4333-41E2-8E99-2A50A80F233D}
		{B0B3B6FE-D2A8-4437-8D09-AA4D728E8EFC} = {9922B97B-8BBE-4663-A850-44A37009D6DD}
		{20E9AFC0-F6B5-49EC-80EE-A72505990AE7} = {9922B97B-8BBE-4663-A850-44A37009D6DD}
		{282BD0D6-5207-4A96-94A8-772FD0AC5B0E} = {82C8775F-1468-486B-948C-3FC7406FB6B4}
		{E4399B2E-4D72-438B-A662-112DB5213564} = {82C8775F-1468-486B-948C-3FC7406FB6B4}
	EndGlobalSection
	GlobalSection(ExtensibilityGlobals) = postSolution
		SolutionGuid = {FFE45718-068B-4943-9C51-02408C2258E7}
	EndGlobalSection
EndGlobal
