
Microsoft Visual Studio Solution File, Format Version 12.00
# Visual Studio Version 17
VisualStudioVersion = 17.8.34330.188
MinimumVisualStudioVersion = 10.0.40219.1
Project("{FAE04EC0-301F-11D3-BF4B-00C04F79EFBC}") = "Demo01Bibliotheque", "Demo01Bibliotheque\Demo01Bibliotheque.csproj", "{77C97BDD-2C0D-48DE-901C-45479E430FDA}"
EndProject
Global
	GlobalSection(SolutionConfigurationPlatforms) = preSolution
		Debug|Any CPU = Debug|Any CPU
		Release|Any CPU = Release|Any CPU
	EndGlobalSection
	GlobalSection(ProjectConfigurationPlatforms) = postSolution
		{77C97BDD-2C0D-48DE-901C-45479E430FDA}.Debug|Any CPU.ActiveCfg = Debug|Any CPU
		{77C97BDD-2C0D-48DE-901C-45479E430FDA}.Debug|Any CPU.Build.0 = Debug|Any CPU
		{77C97BDD-2C0D-48DE-901C-45479E430FDA}.Release|Any CPU.ActiveCfg = Release|Any CPU
		{77C97BDD-2C0D-48DE-901C-45479E430FDA}.Release|Any CPU.Build.0 = Release|Any CPU
	EndGlobalSection
	GlobalSection(SolutionProperties) = preSolution
		HideSolutionNode = FALSE
	EndGlobalSection
	GlobalSection(ExtensibilityGlobals) = postSolution
		SolutionGuid = {FFE45718-068B-4943-9C51-02408C2258E7}
	EndGlobalSection
EndGlobal
